PODS:
  - Capacitor (8.0.0):
    - CapacitorCordova
  - CapacitorCordova (8.0.0)
  - CapacitorSplashScreen (8.0.0):
    - Capacitor
  - CapacitorStatusBar (8.0.0):
    - Capacitor

DEPENDENCIES:
  - "Capacitor (from `../../node_modules/@capacitor/ios`)"
  - "CapacitorCordova (from `../../node_modules/@capacitor/ios`)"
  - "CapacitorSplashScreen (from `../../node_modules/@capacitor/splash-screen`)"
  - "CapacitorStatusBar (from `../../node_modules/@capacitor/status-bar`)"

EXTERNAL SOURCES:
  Capacitor:
    :path: "../../node_modules/@capacitor/ios"
  CapacitorCordova:
    :path: "../../node_modules/@capacitor/ios"
  CapacitorSplashScreen:
    :path: "../../node_modules/@capacitor/splash-screen"
  CapacitorStatusBar:
    :path: "../../node_modules/@capacitor/status-bar"

SPEC CHECKSUMS:
  Capacitor: 341ff7cf652ec695d1a8ebf604db448ac7b6d635
  CapacitorCordova: 5dc3912d25ef770a3fe0f431bb65c9fbfa2e92f9
  CapacitorSplashScreen: 422880d7117605c30699eb4b21644b62db42e86c
  CapacitorStatusBar: 312e2e67928dfe9514c4a8916a1fd610552f5f35

PODFILE CHECKSUM: 71efd28f9cdfb31d7792000b020a4cd8d5be5b70

COCOAPODS: 1.16.2
